
Microsoft Visual Studio Solution File, Format Version 12.00
# Visual Studio 15
VisualStudioVersion = 15.0.27428.2015
MinimumVisualStudioVersion = 10.0.40219.1
Project("{E24C65DC-7377-472B-9ABA-BC803B73C61A}") = "Resume", "Resume\", "{A64CEE18-8A33-4105-B1E2-A1D7D04EC7F3}"
	ProjectSection(WebsiteProperties) = preProject
		TargetFrameworkMoniker = ".NETFramework,Version%3Dv4.6.1"
		Debug.AspNetCompiler.VirtualPath = "/localhost_51859"
		Debug.AspNetCompiler.PhysicalPath = "Resume\"
		Debug.AspNetCompiler.TargetPath = "PrecompiledWeb\localhost_51859\"
		Debug.AspNetCompiler.Updateable = "true"
		Debug.AspNetCompiler.ForceOverwrite = "true"
		Debug.AspNetCompiler.FixedNames = "false"
		Debug.AspNetCompiler.Debug = "True"
		Release.AspNetCompiler.VirtualPath = "/localhost_51859"
		Release.AspNetCompiler.PhysicalPath = "Resume\"
		Release.AspNetCompiler.TargetPath = "PrecompiledWeb\localhost_51859\"
		Release.AspNetCompiler.Updateable = "true"
		Release.AspNetCompiler.ForceOverwrite = "true"
		Release.AspNetCompiler.FixedNames = "false"
		Release.AspNetCompiler.Debug = "False"
		VWDPort = "51859"
		SlnRelativePath = "Resume\"
		DefaultWebSiteLanguage = "Visual C#"
	EndProjectSection
EndProject
Global
	GlobalSection(SolutionConfigurationPlatforms) = preSolution
		Debug|Any CPU = Debug|Any CPU
	EndGlobalSection
	GlobalSection(ProjectConfigurationPlatforms) = postSolution
		{A64CEE18-8A33-4105-B1E2-A1D7D04EC7F3}.Debug|Any CPU.ActiveCfg = Debug|Any CPU
		{A64CEE18-8A33-4105-B1E2-A1D7D04EC7F3}.Debug|Any CPU.Build.0 = Debug|Any CPU
	EndGlobalSection
	GlobalSection(SolutionProperties) = preSolution
		HideSolutionNode = FALSE
	EndGlobalSection
	GlobalSection(ExtensibilityGlobals) = postSolution
		SolutionGuid = {0A8605BB-EA96-48C7-A216-0971DC608987}
	EndGlobalSection
EndGlobal
